# This file is automatically @generated by Cargo.
# It is not intended for manual editing.
[[package]]
name = "cfg-if"
version = "1.0.0"
source = "registry+https://github.com/rust-lang/crates.io-index"
checksum = "baf1de4339761588bc0619e3cbc0120ee582ebb74b53b4efbf79117bd2da40fd"

[[package]]
name = "countme"
version = "2.0.2"
dependencies = [
 "dashmap",
 "once_cell",
 "rustc-hash",
]

[[package]]
name = "dashmap"
version = "4.0.2"
source = "registry+https://github.com/rust-lang/crates.io-index"
checksum = "e77a43b28d0668df09411cb0bc9a8c2adc40f9a048afe863e05fd43251e8e39c"
dependencies = [
 "cfg-if",
 "num_cpus",
]

[[package]]
name = "hermit-abi"
version = "0.1.18"
source = "registry+https://github.com/rust-lang/crates.io-index"
checksum = "322f4de77956e22ed0e5032c359a0f1273f1f7f0d79bfa3b8ffbc730d7fbcc5c"
dependencies = [
 "libc",
]

[[package]]
name = "libc"
version = "0.2.82"
source = "registry+https://github.com/rust-lang/crates.io-index"
checksum = "89203f3fba0a3795506acaad8ebce3c80c0af93f994d5a1d7a0b1eeb23271929"

[[package]]
name = "num_cpus"
version = "1.13.0"
source = "registry+https://github.com/rust-lang/crates.io-index"
checksum = "05499f3756671c15885fee9034446956fff3f243d6077b91e5767df161f766b3"
dependencies = [
 "hermit-abi",
 "libc",
]

[[package]]
name = "once_cell"
version = "1.5.2"
source = "registry+https://github.com/rust-lang/crates.io-index"
checksum = "13bd41f508810a131401606d54ac32a467c97172d74ba7662562ebba5ad07fa0"

[[package]]
name = "rustc-hash"
version = "1.1.0"
source = "registry+https://github.com/rust-lang/crates.io-index"
checksum = "08d43f7aa6b08d49f382cde6a7982047c3426db949b1424bc4b7ec9ae12c6ce2"

[[package]]
name = "xaction"
version = "0.2.1"
source = "registry+https://github.com/rust-lang/crates.io-index"
checksum = "3adc20440c1a353c5f96712a73d0a84d65b3cf4c840660c7df308488510f838a"
dependencies = [
 "xshell",
]

[[package]]
name = "xshell"
version = "0.1.8"
source = "registry+https://github.com/rust-lang/crates.io-index"
checksum = "ed373ede30cea03e8c0af22f48ee1ba80efbf06fec8b4746977e6ee703878de0"
dependencies = [
 "xshell-macros",
]

[[package]]
name = "xshell-macros"
version = "0.1.8"
source = "registry+https://github.com/rust-lang/crates.io-index"
checksum = "7f6af9f8119104697b0105989a73c578ce33f922d9d6f3dae0e8ae3d538db321"

[[package]]
name = "xtask"
version = "0.0.0"
dependencies = [
 "xaction",
]
