# This file is automatically @generated by Cargo.
# It is not intended for manual editing.
[[package]]
name = "countme"
version = "1.0.0"

[[package]]
name = "xaction"
version = "0.2.1"
source = "registry+https://github.com/rust-lang/crates.io-index"
checksum = "3adc20440c1a353c5f96712a73d0a84d65b3cf4c840660c7df308488510f838a"
dependencies = [
 "xshell",
]

[[package]]
name = "xshell"
version = "0.1.8"
source = "registry+https://github.com/rust-lang/crates.io-index"
checksum = "ed373ede30cea03e8c0af22f48ee1ba80efbf06fec8b4746977e6ee703878de0"
dependencies = [
 "xshell-macros",
]

[[package]]
name = "xshell-macros"
version = "0.1.8"
source = "registry+https://github.com/rust-lang/crates.io-index"
checksum = "7f6af9f8119104697b0105989a73c578ce33f922d9d6f3dae0e8ae3d538db321"

[[package]]
name = "xtask"
version = "0.0.0"
dependencies = [
 "xaction",
]
